
Microsoft Visual Studio Solution File, Format Version 12.00
# Visual Studio Version 16
VisualStudioVersion = 16.0.810.9
MinimumVisualStudioVersion = 10.0.40219.1
Project("{FAE04EC0-301F-11D3-BF4B-00C04F79EFBC}") = "Vegas.Database.Abstraction", "Vegas.Database.Abstraction\Vegas.Database.Abstraction.csproj", "{34C8ABF0-0190-42F8-B6F7-E0FBA25F1977}"
EndProject
Project("{FAE04EC0-301F-11D3-BF4B-00C04F79EFBC}") = "Vegas.Database.MongoDB", "Vegas.Database.MongoDB\Vegas.Database.MongoDB.csproj", "{A1B9A698-AB07-4752-94BC-81142BAD15C7}"
EndProject
Project("{FAE04EC0-301F-11D3-BF4B-00C04F79EFBC}") = "Vegas.Database.Relational", "Vegas.Database.Relational\Vegas.Database.Relational.csproj", "{4136D16F-4935-4E89-B45C-A2FBCA434040}"
EndProject
Project("{FAE04EC0-301F-11D3-BF4B-00C04F79EFBC}") = "Vegas.Database.DynamoDB", "Vegas.Database.DynamoDB\Vegas.Database.DynamoDB.csproj", "{FCD18FB7-05C5-43B0-91EB-E6CACC8741E5}"
EndProject
Global
	GlobalSection(SolutionConfigurationPlatforms) = preSolution
		Debug|Any CPU = Debug|Any CPU
		Release|Any CPU = Release|Any CPU
	EndGlobalSection
	GlobalSection(ProjectConfigurationPlatforms) = postSolution
		{34C8ABF0-0190-42F8-B6F7-E0FBA25F1977}.Debug|Any CPU.ActiveCfg = Debug|Any CPU
		{34C8ABF0-0190-42F8-B6F7-E0FBA25F1977}.Debug|Any CPU.Build.0 = Debug|Any CPU
		{34C8ABF0-0190-42F8-B6F7-E0FBA25F1977}.Release|Any CPU.ActiveCfg = Release|Any CPU
		{34C8ABF0-0190-42F8-B6F7-E0FBA25F1977}.Release|Any CPU.Build.0 = Release|Any CPU
		{A1B9A698-AB07-4752-94BC-81142BAD15C7}.Debug|Any CPU.ActiveCfg = Debug|Any CPU
		{A1B9A698-AB07-4752-94BC-81142BAD15C7}.Debug|Any CPU.Build.0 = Debug|Any CPU
		{A1B9A698-AB07-4752-94BC-81142BAD15C7}.Release|Any CPU.ActiveCfg = Release|Any CPU
		{A1B9A698-AB07-4752-94BC-81142BAD15C7}.Release|Any CPU.Build.0 = Release|Any CPU
		{4136D16F-4935-4E89-B45C-A2FBCA434040}.Debug|Any CPU.ActiveCfg = Debug|Any CPU
		{4136D16F-4935-4E89-B45C-A2FBCA434040}.Debug|Any CPU.Build.0 = Debug|Any CPU
		{4136D16F-4935-4E89-B45C-A2FBCA434040}.Release|Any CPU.ActiveCfg = Release|Any CPU
		{4136D16F-4935-4E89-B45C-A2FBCA434040}.Release|Any CPU.Build.0 = Release|Any CPU
		{FCD18FB7-05C5-43B0-91EB-E6CACC8741E5}.Debug|Any CPU.ActiveCfg = Debug|Any CPU
		{FCD18FB7-05C5-43B0-91EB-E6CACC8741E5}.Debug|Any CPU.Build.0 = Debug|Any CPU
		{FCD18FB7-05C5-43B0-91EB-E6CACC8741E5}.Release|Any CPU.ActiveCfg = Release|Any CPU
		{FCD18FB7-05C5-43B0-91EB-E6CACC8741E5}.Release|Any CPU.Build.0 = Release|Any CPU
	EndGlobalSection
	GlobalSection(SolutionProperties) = preSolution
		HideSolutionNode = FALSE
	EndGlobalSection
	GlobalSection(ExtensibilityGlobals) = postSolution
		SolutionGuid = {D140AAB1-1C85-494A-9308-6C2D4AE96A62}
	EndGlobalSection
EndGlobal
